{
    "hash": "118f11c607744a877ff3a6febd779317",
    "packages": [
        {
            "package": "doctrine/common",
            "version": "dev-master",
            "source-reference": "329d90ab8d6ed4c0b422d631caa5594c77c12055",
            "commit-date": "1345128430"
        },
        {
            "package": "phly/phly-blog",
            "version": "dev-master",
            "source-reference": "2.0.0beta5pl1",
            "commit-date": "1342212634"
        },
        {
            "package": "phly/phly-common",
            "version": "dev-master",
            "source-reference": "2.0.0beta5",
            "commit-date": "1342210205"
        },
        {
            "package": "phly/phly-contact",
            "version": "dev-master",
            "source-reference": "2177374763f0e0f903ae68d207984087b1a0fb51",
            "commit-date": "1343826444"
        },
        {
            "package": "zendframework/zend-version",
            "version": "2.0.0rc5"
        },
        {
            "package": "zendframework/zendframework",
            "version": "dev-master",
            "alias-pretty-version": "2.0.x-dev",
            "alias-version": "2.0.9999999.9999999-dev"
        },
        {
            "package": "zendframework/zendframework",
            "version": "dev-master",
            "source-reference": "4c6769a56059a1cd2e13a320ef6e15f7dc8e47eb",
            "commit-date": "1345829805"
        },
        {
            "package": "zendframework/zendservice-recaptcha",
            "version": "dev-master",
            "source-reference": "release-2.0.0rc1",
            "commit-date": "1343062869"
        }
    ],
    "packages-dev": null,
    "aliases": [

    ],
    "minimum-stability": "dev",
    "stability-flags": {
        "phly/phly-contact": 20,
        "phly/phly-blog": 20
    }
}
