{
    "_readme": [
        "This file locks the dependencies of your project to a known state",
        "Read more about it at https://getcomposer.org/doc/01-basic-usage.md#composer-lock-the-lock-file",
        "This file is @generated automatically"
    ],
    "hash": "06120131b7c68804b8fb14c24379332e",
    "content-hash": "4df166af95263302ab1539a98fa2dd03",
    "packages": [
        {
            "name": "doctrine/annotations",
            "version": "dev-master",
            "source": {
                "type": "git",
                "url": "https://github.com/doctrine/annotations.git",
                "reference": "f25c8aab83e0c3e976fd7d19875f198ccf2f7535"
            },
            "dist": {
                "type": "zip",
                "url": "https://api.github.com/repos/doctrine/annotations/zipball/f25c8aab83e0c3e976fd7d19875f198ccf2f7535",
                "reference": "f25c8aab83e0c3e976fd7d19875f198ccf2f7535",
                "shasum": ""
            },
            "require": {
                "doctrine/lexer": "1.*",
                "php": ">=5.3.2"
            },
            "require-dev": {
                "doctrine/cache": "1.*",
                "phpunit/phpunit": "4.*"
            },
            "type": "library",
            "extra": {
                "branch-alias": {
                    "dev-master": "1.3.x-dev"
                }
            },
            "autoload": {
                "psr-0": {
                    "Doctrine\\Common\\Annotations\\": "lib/"
                }
            },
            "notification-url": "https://packagist.org/downloads/",
            "license": [
                "MIT"
            ],
            "authors": [
                {
                    "name": "Roman Borschel",
                    "email": "roman@code-factory.org"
                },
                {
                    "name": "Benjamin Eberlei",
                    "email": "kontakt@beberlei.de"
                },
                {
                    "name": "Guilherme Blanco",
                    "email": "guilhermeblanco@gmail.com"
                },
                {
                    "name": "Jonathan Wage",
                    "email": "jonwage@gmail.com"
                },
                {
                    "name": "Johannes Schmitt",
                    "email": "schmittjoh@gmail.com"
                }
            ],
            "description": "Docblock Annotations Parser",
            "homepage": "http://www.doctrine-project.org",
            "keywords": [
                "annotations",
                "docblock",
                "parser"
            ],
            "time": "2015-08-31 12:32:49"
        },
        {
            "name": "doctrine/cache",
            "version": "dev-master",
            "source": {
                "type": "git",
                "url": "https://github.com/doctrine/cache.git",
                "reference": "f69c21c5cea834def1664a73a1b7cd5fcdfbd23e"
            },
            "dist": {
                "type": "zip",
                "url": "https://api.github.com/repos/doctrine/cache/zipball/f69c21c5cea834def1664a73a1b7cd5fcdfbd23e",
                "reference": "f69c21c5cea834def1664a73a1b7cd5fcdfbd23e",
                "shasum": ""
            },
            "require": {
                "php": ">=5.3.2"
            },
            "conflict": {
                "doctrine/common": ">2.2,<2.4"
            },
            "require-dev": {
                "phpunit/phpunit": ">=3.7",
                "predis/predis": "~1.0",
                "satooshi/php-coveralls": "~0.6"
            },
            "type": "library",
            "extra": {
                "branch-alias": {
                    "dev-master": "1.6.x-dev"
                }
            },
            "autoload": {
                "psr-4": {
                    "Doctrine\\Common\\Cache\\": "lib/Doctrine/Common/Cache"
                }
            },
            "notification-url": "https://packagist.org/downloads/",
            "license": [
                "MIT"
            ],
            "authors": [
                {
                    "name": "Roman Borschel",
                    "email": "roman@code-factory.org"
                },
                {
                    "name": "Benjamin Eberlei",
                    "email": "kontakt@beberlei.de"
                },
                {
                    "name": "Guilherme Blanco",
                    "email": "guilhermeblanco@gmail.com"
                },
                {
                    "name": "Jonathan Wage",
                    "email": "jonwage@gmail.com"
                },
                {
                    "name": "Johannes Schmitt",
                    "email": "schmittjoh@gmail.com"
                }
            ],
            "description": "Caching library offering an object-oriented API for many cache backends",
            "homepage": "http://www.doctrine-project.org",
            "keywords": [
                "cache",
                "caching"
            ],
            "time": "2015-11-02 18:32:40"
        },
        {
            "name": "doctrine/collections",
            "version": "dev-master",
            "source": {
                "type": "git",
                "url": "https://github.com/doctrine/collections.git",
                "reference": "866e100a425b8b73d15393fd081c6bf067f05bf9"
            },
            "dist": {
                "type": "zip",
                "url": "https://api.github.com/repos/doctrine/collections/zipball/866e100a425b8b73d15393fd081c6bf067f05bf9",
                "reference": "866e100a425b8b73d15393fd081c6bf067f05bf9",
                "shasum": ""
            },
            "require": {
                "php": ">=5.3.2"
            },
            "require-dev": {
                "phpunit/phpunit": "~4.0"
            },
            "type": "library",
            "extra": {
                "branch-alias": {
                    "dev-master": "1.3.x-dev"
                }
            },
            "autoload": {
                "psr-0": {
                    "Doctrine\\Common\\Collections\\": "lib/"
                }
            },
            "notification-url": "https://packagist.org/downloads/",
            "license": [
                "MIT"
            ],
            "authors": [
                {
                    "name": "Roman Borschel",
                    "email": "roman@code-factory.org"
                },
                {
                    "name": "Benjamin Eberlei",
                    "email": "kontakt@beberlei.de"
                },
                {
                    "name": "Guilherme Blanco",
                    "email": "guilhermeblanco@gmail.com"
                },
                {
                    "name": "Jonathan Wage",
                    "email": "jonwage@gmail.com"
                },
                {
                    "name": "Johannes Schmitt",
                    "email": "schmittjoh@gmail.com"
                }
            ],
            "description": "Collections Abstraction library",
            "homepage": "http://www.doctrine-project.org",
            "keywords": [
                "array",
                "collections",
                "iterator"
            ],
            "time": "2015-09-11 15:24:21"
        },
        {
            "name": "doctrine/common",
            "version": "dev-master",
            "source": {
                "type": "git",
                "url": "https://github.com/doctrine/common.git",
                "reference": "79fdef35a79a3694e5ae552575d23fd7dc8482c2"
            },
            "dist": {
                "type": "zip",
                "url": "https://api.github.com/repos/doctrine/common/zipball/79fdef35a79a3694e5ae552575d23fd7dc8482c2",
                "reference": "79fdef35a79a3694e5ae552575d23fd7dc8482c2",
                "shasum": ""
            },
            "require": {
                "doctrine/annotations": "1.*",
                "doctrine/cache": "1.*",
                "doctrine/collections": "1.*",
                "doctrine/inflector": "1.*",
                "doctrine/lexer": "1.*",
                "php": ">=5.3.2"
            },
            "require-dev": {
                "phpunit/phpunit": "~4.7"
            },
            "type": "library",
            "extra": {
                "branch-alias": {
                    "dev-master": "2.6.x-dev"
                }
            },
            "autoload": {
                "psr-4": {
                    "Doctrine\\Common\\": "lib/Doctrine/Common"
                }
            },
            "notification-url": "https://packagist.org/downloads/",
            "license": [
                "MIT"
            ],
            "authors": [
                {
                    "name": "Roman Borschel",
                    "email": "roman@code-factory.org"
                },
                {
                    "name": "Benjamin Eberlei",
                    "email": "kontakt@beberlei.de"
                },
                {
                    "name": "Guilherme Blanco",
                    "email": "guilhermeblanco@gmail.com"
                },
                {
                    "name": "Jonathan Wage",
                    "email": "jonwage@gmail.com"
                },
                {
                    "name": "Johannes Schmitt",
                    "email": "schmittjoh@gmail.com"
                }
            ],
            "description": "Common Library for Doctrine projects",
            "homepage": "http://www.doctrine-project.org",
            "keywords": [
                "annotations",
                "collections",
                "eventmanager",
                "persistence",
                "spl"
            ],
            "time": "2015-10-30 18:43:38"
        },
        {
            "name": "doctrine/inflector",
            "version": "dev-master",
            "source": {
                "type": "git",
                "url": "https://github.com/doctrine/inflector.git",
                "reference": "90b2128806bfde671b6952ab8bea493942c1fdae"
            },
            "dist": {
                "type": "zip",
                "url": "https://api.github.com/repos/doctrine/inflector/zipball/90b2128806bfde671b6952ab8bea493942c1fdae",
                "reference": "90b2128806bfde671b6952ab8bea493942c1fdae",
                "shasum": ""
            },
            "require": {
                "php": ">=5.3.2"
            },
            "require-dev": {
                "phpunit/phpunit": "4.*"
            },
            "type": "library",
            "extra": {
                "branch-alias": {
                    "dev-master": "1.1.x-dev"
                }
            },
            "autoload": {
                "psr-0": {
                    "Doctrine\\Common\\Inflector\\": "lib/"
                }
            },
            "notification-url": "https://packagist.org/downloads/",
            "license": [
                "MIT"
            ],
            "authors": [
                {
                    "name": "Roman Borschel",
                    "email": "roman@code-factory.org"
                },
                {
                    "name": "Benjamin Eberlei",
                    "email": "kontakt@beberlei.de"
                },
                {
                    "name": "Guilherme Blanco",
                    "email": "guilhermeblanco@gmail.com"
                },
                {
                    "name": "Jonathan Wage",
                    "email": "jonwage@gmail.com"
                },
                {
                    "name": "Johannes Schmitt",
                    "email": "schmittjoh@gmail.com"
                }
            ],
            "description": "Common String Manipulations with regard to casing and singular/plural rules.",
            "homepage": "http://www.doctrine-project.org",
            "keywords": [
                "inflection",
                "pluralize",
                "singularize",
                "string"
            ],
            "time": "2015-11-06 14:35:42"
        },
        {
            "name": "doctrine/lexer",
            "version": "dev-master",
            "source": {
                "type": "git",
                "url": "https://github.com/doctrine/lexer.git",
                "reference": "83893c552fd2045dd78aef794c31e694c37c0b8c"
            },
            "dist": {
                "type": "zip",
                "url": "https://api.github.com/repos/doctrine/lexer/zipball/83893c552fd2045dd78aef794c31e694c37c0b8c",
                "reference": "83893c552fd2045dd78aef794c31e694c37c0b8c",
                "shasum": ""
            },
            "require": {
                "php": ">=5.3.2"
            },
            "type": "library",
            "extra": {
                "branch-alias": {
                    "dev-master": "1.0.x-dev"
                }
            },
            "autoload": {
                "psr-0": {
                    "Doctrine\\Common\\Lexer\\": "lib/"
                }
            },
            "notification-url": "https://packagist.org/downloads/",
            "license": [
                "MIT"
            ],
            "authors": [
                {
                    "name": "Roman Borschel",
                    "email": "roman@code-factory.org"
                },
                {
                    "name": "Guilherme Blanco",
                    "email": "guilhermeblanco@gmail.com"
                },
                {
                    "name": "Johannes Schmitt",
                    "email": "schmittjoh@gmail.com"
                }
            ],
            "description": "Base library for a lexer that can be used in Top-Down, Recursive Descent Parsers.",
            "homepage": "http://www.doctrine-project.org",
            "keywords": [
                "lexer",
                "parser"
            ],
            "time": "2014-09-09 13:34:57"
        },
        {
            "name": "erusev/parsedown",
            "version": "1.6.0",
            "source": {
                "type": "git",
                "url": "https://github.com/erusev/parsedown.git",
                "reference": "3ebbd730b5c2cf5ce78bc1bf64071407fc6674b7"
            },
            "dist": {
                "type": "zip",
                "url": "https://api.github.com/repos/erusev/parsedown/zipball/3ebbd730b5c2cf5ce78bc1bf64071407fc6674b7",
                "reference": "3ebbd730b5c2cf5ce78bc1bf64071407fc6674b7",
                "shasum": ""
            },
            "type": "library",
            "autoload": {
                "psr-0": {
                    "Parsedown": ""
                }
            },
            "notification-url": "https://packagist.org/downloads/",
            "license": [
                "MIT"
            ],
            "authors": [
                {
                    "name": "Emanuil Rusev",
                    "email": "hello@erusev.com",
                    "homepage": "http://erusev.com"
                }
            ],
            "description": "Parser for Markdown.",
            "homepage": "http://parsedown.org",
            "keywords": [
                "markdown",
                "parser"
            ],
            "time": "2015-10-04 16:44:32"
        },
        {
            "name": "erusev/parsedown-extra",
            "version": "0.7.1",
            "source": {
                "type": "git",
                "url": "https://github.com/erusev/parsedown-extra.git",
                "reference": "0db5cce7354e4b76f155d092ab5eb3981c21258c"
            },
            "dist": {
                "type": "zip",
                "url": "https://api.github.com/repos/erusev/parsedown-extra/zipball/0db5cce7354e4b76f155d092ab5eb3981c21258c",
                "reference": "0db5cce7354e4b76f155d092ab5eb3981c21258c",
                "shasum": ""
            },
            "require": {
                "erusev/parsedown": "~1.4"
            },
            "type": "library",
            "autoload": {
                "psr-0": {
                    "ParsedownExtra": ""
                }
            },
            "notification-url": "https://packagist.org/downloads/",
            "license": [
                "MIT"
            ],
            "authors": [
                {
                    "name": "Emanuil Rusev",
                    "email": "hello@erusev.com",
                    "homepage": "http://erusev.com"
                }
            ],
            "description": "An extension of Parsedown that adds support for Markdown Extra.",
            "homepage": "https://github.com/erusev/parsedown-extra",
            "keywords": [
                "markdown",
                "markdown extra",
                "parsedown",
                "parser"
            ],
            "time": "2015-11-01 10:19:22"
        },
        {
            "name": "league/commonmark",
            "version": "dev-master",
            "source": {
                "type": "git",
                "url": "https://github.com/thephpleague/commonmark.git",
                "reference": "3eb64850ee688623db494398a5284a7a4cdf7b47"
            },
            "dist": {
                "type": "zip",
                "url": "https://api.github.com/repos/thephpleague/commonmark/zipball/3eb64850ee688623db494398a5284a7a4cdf7b47",
                "reference": "3eb64850ee688623db494398a5284a7a4cdf7b47",
                "shasum": ""
            },
            "require": {
                "ext-mbstring": "*",
                "php": ">=5.4.8"
            },
            "replace": {
                "colinodell/commonmark-php": "*"
            },
            "require-dev": {
                "erusev/parsedown": "~1.0",
                "jgm/commonmark": "0.22",
                "jgm/smartpunct": "0.22",
                "michelf/php-markdown": "~1.4",
                "mikehaertl/php-shellcommand": "~1.1.0",
                "phpunit/phpunit": "~4.3|~5.0",
                "scrutinizer/ocular": "^1.1",
                "symfony/finder": "~2.3"
            },
            "bin": [
                "bin/commonmark"
            ],
            "type": "library",
            "extra": {
                "branch-alias": {
                    "dev-master": "0.13-dev"
                }
            },
            "autoload": {
                "psr-4": {
                    "League\\CommonMark\\": "src/"
                }
            },
            "notification-url": "https://packagist.org/downloads/",
            "license": [
                "BSD-3-Clause"
            ],
            "authors": [
                {
                    "name": "Colin O'Dell",
                    "email": "colinodell@gmail.com",
                    "homepage": "http://www.colinodell.com",
                    "role": "Lead Developer"
                }
            ],
            "description": "Markdown parser for PHP based on the CommonMark spec",
            "homepage": "https://github.com/thephpleague/commonmark",
            "keywords": [
                "commonmark",
                "markdown",
                "parser"
            ],
            "time": "2015-11-04 14:24:41"
        },
        {
            "name": "maglnet/magl-markdown",
            "version": "1.4.0",
            "source": {
                "type": "git",
                "url": "https://github.com/maglnet/MaglMarkdown.git",
                "reference": "a8356de4f6798278a083bf8d99f85efba62bde49"
            },
            "dist": {
                "type": "zip",
                "url": "https://api.github.com/repos/maglnet/MaglMarkdown/zipball/a8356de4f6798278a083bf8d99f85efba62bde49",
                "reference": "a8356de4f6798278a083bf8d99f85efba62bde49",
                "shasum": ""
            },
            "require": {
                "erusev/parsedown-extra": "~0.2",
                "ext-curl": "*",
                "league/commonmark": "~0.5",
                "michelf/php-markdown": "~1.4",
                "php": ">=5.3.0",
                "zendframework/zend-cache": "~2.0",
                "zendframework/zend-eventmanager": "~2.0",
                "zendframework/zend-http": "~2.0",
                "zendframework/zend-loader": "~2.0",
                "zendframework/zend-modulemanager": "~2.0",
                "zendframework/zend-mvc": "~2.0",
                "zendframework/zend-stdlib": "~2.0",
                "zendframework/zend-view": "~2.0"
            },
            "require-dev": {
                "phpunit/phpunit": "~4.1",
                "zendframework/zendframework": "~2.0"
            },
            "type": "library",
            "autoload": {
                "classmap": [
                    "src"
                ],
                "psr-4": {
                    "MaglMarkdown\\": "src/MaglMarkdown/"
                }
            },
            "notification-url": "https://packagist.org/downloads/",
            "license": [
                "MIT"
            ],
            "authors": [
                {
                    "name": "Matthias Glaub",
                    "email": "magl@magl.net",
                    "role": "Developer"
                }
            ],
            "description": "Provides a ZF2 View Helper to render markdown syntax. It uses third-party libraries for the rendering and you can switch between different renderers.",
            "homepage": "https://github.com/maglnet/MaglMarkdown",
            "keywords": [
                "Zend Framework",
                "gfm",
                "github flavoured markdown",
                "markdown",
                "parsedown",
                "zf2"
            ],
            "time": "2015-07-27 10:01:34"
        },
        {
            "name": "michelf/php-markdown",
            "version": "1.5.0",
            "source": {
                "type": "git",
                "url": "https://github.com/michelf/php-markdown.git",
                "reference": "e1aabe18173231ebcefc90e615565742fc1c7fd9"
            },
            "dist": {
                "type": "zip",
                "url": "https://api.github.com/repos/michelf/php-markdown/zipball/e1aabe18173231ebcefc90e615565742fc1c7fd9",
                "reference": "e1aabe18173231ebcefc90e615565742fc1c7fd9",
                "shasum": ""
            },
            "require": {
                "php": ">=5.3.0"
            },
            "type": "library",
            "extra": {
                "branch-alias": {
                    "dev-lib": "1.4.x-dev"
                }
            },
            "autoload": {
                "psr-0": {
                    "Michelf": ""
                }
            },
            "notification-url": "https://packagist.org/downloads/",
            "license": [
                "BSD-3-Clause"
            ],
            "authors": [
                {
                    "name": "John Gruber",
                    "homepage": "http://daringfireball.net/"
                },
                {
                    "name": "Michel Fortin",
                    "email": "michel.fortin@michelf.ca",
                    "homepage": "https://michelf.ca/",
                    "role": "Developer"
                }
            ],
            "description": "PHP Markdown",
            "homepage": "https://michelf.ca/projects/php-markdown/",
            "keywords": [
                "markdown"
            ],
            "time": "2015-03-01 12:03:08"
        },
        {
            "name": "phly/mustache",
            "version": "1.2.1",
            "source": {
                "type": "git",
                "url": "https://github.com/phly/phly_mustache.git",
                "reference": "8f9f2b6644e1aa8439e195f5169f9435749cc763"
            },
            "dist": {
                "type": "zip",
                "url": "https://api.github.com/repos/phly/phly_mustache/zipball/8f9f2b6644e1aa8439e195f5169f9435749cc763",
                "reference": "8f9f2b6644e1aa8439e195f5169f9435749cc763",
                "shasum": ""
            },
            "require": {
                "php": ">=5.3.3"
            },
            "require-dev": {
                "phpunit/phpunit": "3.7.*"
            },
            "type": "library",
            "autoload": {
                "psr-0": {
                    "Phly": "library/"
                }
            },
            "notification-url": "https://packagist.org/downloads/",
            "license": [
                "BSD-3-Clause"
            ],
            "authors": [
                {
                    "name": "Matthew Weier O'Phinney",
                    "email": "matthew@weierophinney.net",
                    "homepage": "http://mwop.net/",
                    "role": "Developer"
                }
            ],
            "description": "PHP 5.3 Mustache Implementation",
            "homepage": "http://weierophinney.github.com/phly_mustache/",
            "keywords": [
                "mustache"
            ],
            "time": "2013-10-23 14:16:26"
        },
        {
            "name": "phly/phly-blog",
            "version": "dev-master",
            "source": {
                "type": "git",
                "url": "https://github.com/phly/PhlyBlog.git",
                "reference": "b4d54c29a3dfd25d6e4116819f99f00458ede105"
            },
            "dist": {
                "type": "zip",
                "url": "https://api.github.com/repos/phly/PhlyBlog/zipball/b4d54c29a3dfd25d6e4116819f99f00458ede105",
                "reference": "b4d54c29a3dfd25d6e4116819f99f00458ede105",
                "shasum": ""
            },
            "require": {
                "phly/phly-common": "dev-master",
                "php": ">=5.3.3",
                "zendframework/zendframework": "2.*"
            },
            "type": "library",
            "autoload": {
                "psr-0": {
                    "PhlyBlog": "src/"
                },
                "classmap": [
                    "./"
                ]
            },
            "notification-url": "https://packagist.org/downloads/",
            "authors": [
                {
                    "name": "Matthew Weier O'Phinney",
                    "email": "matthew@weierophinney.net",
                    "homepage": "http://mwop.net/"
                }
            ],
            "description": "ZF2 Module implementing a static blog generator",
            "homepage": "https://github.com/weierophinney/PhlyBlog",
            "keywords": [
                "blog",
                "module",
                "zend",
                "zf2"
            ],
            "time": "2013-05-06 11:47:58"
        },
        {
            "name": "phly/phly-common",
            "version": "dev-master",
            "source": {
                "type": "git",
                "url": "https://github.com/phly/PhlyCommon.git",
                "reference": "51dd4751e516db0b7e216084a84ae9207176c5c4"
            },
            "dist": {
                "type": "zip",
                "url": "https://api.github.com/repos/phly/PhlyCommon/zipball/51dd4751e516db0b7e216084a84ae9207176c5c4",
                "reference": "51dd4751e516db0b7e216084a84ae9207176c5c4",
                "shasum": ""
            },
            "require": {
                "php": ">=5.3.3",
                "zendframework/zendframework": "2.*"
            },
            "type": "library",
            "autoload": {
                "psr-0": {
                    "PhlyCommon": "src/"
                },
                "classmap": [
                    "./"
                ]
            },
            "notification-url": "https://packagist.org/downloads/",
            "authors": [
                {
                    "name": "Matthew Weier O'Phinney",
                    "email": "matthew@weierophinney.net",
                    "homepage": "http://mwop.net/"
                }
            ],
            "description": "A set of interfaces and generic classes used across various Phly modules.",
            "homepage": "https://github.com/weierophinney/PhlyCommon",
            "keywords": [
                "module",
                "zend",
                "zf2"
            ],
            "time": "2013-02-07 12:36:33"
        },
        {
            "name": "phly/phly-contact",
            "version": "dev-master",
            "source": {
                "type": "git",
                "url": "https://github.com/phly/PhlyContact.git",
                "reference": "337cefe68214902e7a88f365c6c8601c6eee7e2b"
            },
            "dist": {
                "type": "zip",
                "url": "https://api.github.com/repos/phly/PhlyContact/zipball/337cefe68214902e7a88f365c6c8601c6eee7e2b",
                "reference": "337cefe68214902e7a88f365c6c8601c6eee7e2b",
                "shasum": ""
            },
            "require": {
                "php": ">=5.3.3",
                "zendframework/zendframework": "2.*"
            },
            "type": "library",
            "autoload": {
                "psr-0": {
                    "PhlyContact": "src/"
                },
                "classmap": [
                    "./"
                ]
            },
            "authors": [
                {
                    "name": "Matthew Weier O'Phinney",
                    "email": "matthew@weierophinney.net",
                    "homepage": "http://mwop.net/"
                }
            ],
            "description": "ZF2 Module implementing contact form functionality",
            "homepage": "https://github.com/weierophinney/PhlyContact",
            "keywords": [
                "module",
                "zend",
                "zf2"
            ],
            "time": "2012-09-14 23:16:25"
        },
        {
            "name": "zendframework/zendframework",
            "version": "2.4.9",
            "source": {
                "type": "git",
                "url": "https://github.com/zendframework/zf2.git",
                "reference": "4d096d15d01d46b03a69fff00576b31789246364"
            },
            "dist": {
                "type": "zip",
                "url": "https://api.github.com/repos/zendframework/zf2/zipball/4d096d15d01d46b03a69fff00576b31789246364",
                "reference": "4d096d15d01d46b03a69fff00576b31789246364",
                "shasum": ""
            },
            "require": {
                "php": ">=5.3.23",
                "zendframework/zendxml": "^1.0.1"
            },
            "replace": {
                "zendframework/zend-authentication": "self.version",
                "zendframework/zend-barcode": "self.version",
                "zendframework/zend-cache": "self.version",
                "zendframework/zend-captcha": "self.version",
                "zendframework/zend-code": "self.version",
                "zendframework/zend-config": "self.version",
                "zendframework/zend-console": "self.version",
                "zendframework/zend-crypt": "self.version",
                "zendframework/zend-db": "self.version",
                "zendframework/zend-debug": "self.version",
                "zendframework/zend-di": "self.version",
                "zendframework/zend-dom": "self.version",
                "zendframework/zend-escaper": "self.version",
                "zendframework/zend-eventmanager": "self.version",
                "zendframework/zend-feed": "self.version",
                "zendframework/zend-file": "self.version",
                "zendframework/zend-filter": "self.version",
                "zendframework/zend-form": "self.version",
                "zendframework/zend-http": "self.version",
                "zendframework/zend-i18n": "self.version",
                "zendframework/zend-inputfilter": "self.version",
                "zendframework/zend-json": "self.version",
                "zendframework/zend-ldap": "self.version",
                "zendframework/zend-loader": "self.version",
                "zendframework/zend-log": "self.version",
                "zendframework/zend-mail": "self.version",
                "zendframework/zend-math": "self.version",
                "zendframework/zend-memory": "self.version",
                "zendframework/zend-mime": "self.version",
                "zendframework/zend-modulemanager": "self.version",
                "zendframework/zend-mvc": "self.version",
                "zendframework/zend-navigation": "self.version",
                "zendframework/zend-paginator": "self.version",
                "zendframework/zend-permissions-acl": "self.version",
                "zendframework/zend-permissions-rbac": "self.version",
                "zendframework/zend-progressbar": "self.version",
                "zendframework/zend-resources": "self.version",
                "zendframework/zend-serializer": "self.version",
                "zendframework/zend-server": "self.version",
                "zendframework/zend-servicemanager": "self.version",
                "zendframework/zend-session": "self.version",
                "zendframework/zend-soap": "self.version",
                "zendframework/zend-stdlib": "self.version",
                "zendframework/zend-tag": "self.version",
                "zendframework/zend-test": "self.version",
                "zendframework/zend-text": "self.version",
                "zendframework/zend-uri": "self.version",
                "zendframework/zend-validator": "self.version",
                "zendframework/zend-version": "self.version",
                "zendframework/zend-view": "self.version",
                "zendframework/zend-xmlrpc": "self.version"
            },
            "require-dev": {
                "doctrine/annotations": "~1.0",
                "fabpot/php-cs-fixer": "~1.0",
                "ircmaxell/random-lib": "~1.1",
                "mikey179/vfsstream": "~1.2",
                "phpunit/phpcov": "~2.0",
                "phpunit/phpunit": "~4.6",
                "satooshi/php-coveralls": "dev-master"
            },
            "suggest": {
                "doctrine/annotations": "Doctrine Annotations >=1.0 for annotation features",
                "ext-intl": "ext/intl for i18n features (included in default builds of PHP)",
                "ircmaxell/random-lib": "Fallback random byte generator for Zend\\Math\\Rand if OpenSSL/Mcrypt extensions are unavailable",
                "ocramius/proxy-manager": "ProxyManager 0.5.* to handle lazy initialization of services",
                "zendframework/zendpdf": "ZendPdf for creating PDF representations of barcodes",
                "zendframework/zendservice-recaptcha": "ZendService\\ReCaptcha for rendering ReCaptchas in Zend\\Captcha and/or Zend\\Form"
            },
            "bin": [
                "bin/classmap_generator.php",
                "bin/pluginmap_generator.php",
                "bin/templatemap_generator.php"
            ],
            "type": "library",
            "extra": {
                "branch-alias": {
                    "dev-master": "2.4-dev",
                    "dev-develop": "2.5-dev"
                }
            },
            "autoload": {
                "psr-4": {
                    "Zend\\": "library/Zend/"
                }
            },
            "notification-url": "https://packagist.org/downloads/",
            "license": [
                "BSD-3-Clause"
            ],
            "description": "Zend Framework 2",
            "homepage": "http://framework.zend.com/",
            "keywords": [
                "framework",
                "zf2"
            ],
            "time": "2015-11-23 17:34:23"
        },
        {
            "name": "zendframework/zendservice-recaptcha",
            "version": "dev-master",
            "source": {
                "type": "git",
                "url": "https://github.com/zendframework/ZendService_ReCaptcha.git",
                "reference": "dc84e8e5ba6f147d0ad5470589479f7adcb3e2f5"
            },
            "dist": {
                "type": "zip",
                "url": "https://api.github.com/repos/zendframework/ZendService_ReCaptcha/zipball/dc84e8e5ba6f147d0ad5470589479f7adcb3e2f5",
                "reference": "dc84e8e5ba6f147d0ad5470589479f7adcb3e2f5",
                "shasum": ""
            },
            "require": {
                "php": ">=5.3.3",
                "zendframework/zend-config": ">=2.0.0",
                "zendframework/zend-http": ">=2.0.0",
                "zendframework/zend-json": ">=2.0.0"
            },
            "require-dev": {
                "phpunit/phpunit": "3.7.*"
            },
            "type": "library",
            "extra": {
                "branch-alias": {
                    "dev-master": "2.0.x-dev"
                }
            },
            "autoload": {
                "psr-0": {
                    "ZendService\\ReCaptcha\\": "library/"
                }
            },
            "notification-url": "https://packagist.org/downloads/",
            "license": [
                "BSD-3-Clause"
            ],
            "description": "OOP wrapper for the ReCaptcha web service",
            "homepage": "http://packages.zendframework.com/",
            "keywords": [
                "recaptcha",
                "zf2"
            ],
            "time": "2015-09-21 17:44:36"
        },
        {
            "name": "zendframework/zendxml",
            "version": "dev-master",
            "source": {
                "type": "git",
                "url": "https://github.com/zendframework/ZendXml.git",
                "reference": "54edb3875aba5b45f02824f65f311c9fb2743a38"
            },
            "dist": {
                "type": "zip",
                "url": "https://api.github.com/repos/zendframework/ZendXml/zipball/54edb3875aba5b45f02824f65f311c9fb2743a38",
                "reference": "54edb3875aba5b45f02824f65f311c9fb2743a38",
                "shasum": ""
            },
            "require": {
                "php": ">=5.3.3"
            },
            "require-dev": {
                "phpunit/phpunit": "~3.7",
                "squizlabs/php_codesniffer": "~1.5"
            },
            "type": "library",
            "extra": {
                "branch-alias": {
                    "dev-master": "1.0-dev"
                }
            },
            "autoload": {
                "psr-0": {
                    "ZendXml\\": "library/"
                }
            },
            "notification-url": "https://packagist.org/downloads/",
            "license": [
                "BSD-3-Clause"
            ],
            "description": "Utility library for XML usage, best practices, and security in PHP",
            "homepage": "http://packages.zendframework.com/",
            "keywords": [
                "security",
                "xml",
                "zf2"
            ],
            "time": "2015-08-03 14:50:10"
        }
    ],
    "packages-dev": [],
    "aliases": [],
    "minimum-stability": "dev",
    "stability-flags": {
        "phly/phly-blog": 20,
        "phly/phly-contact": 20
    },
    "prefer-stable": false,
    "prefer-lowest": false,
    "platform": {
        "php": ">=5.3.3"
    },
    "platform-dev": []
}
