{
    "hash": "399323e222fae684572919b5658df0d2",
    "packages": [
        {
            "name": "doctrine/common",
            "version": "dev-master",
            "source": {
                "type": "git",
                "url": "https://github.com/doctrine/common",
                "reference": "44ec7118f8a403ece299763709d1d0c7ecd4c84f"
            },
            "dist": {
                "type": "zip",
                "url": "https://github.com/doctrine/common/zipball/44ec7118f8a403ece299763709d1d0c7ecd4c84f",
                "reference": "44ec7118f8a403ece299763709d1d0c7ecd4c84f",
                "shasum": ""
            },
            "require": {
                "php": ">=5.3.2"
            },
            "time": "1347998002",
            "type": "library",
            "extra": {
                "branch-alias": {
                    "dev-master": "2.4.x-dev"
                }
            },
            "installation-source": "source",
            "autoload": {
                "psr-0": {
                    "Doctrine\\Common": "lib/"
                }
            },
            "license": [
                "MIT"
            ],
            "authors": [
                {
                    "name": "Jonathan Wage",
                    "email": "jonwage@gmail.com",
                    "homepage": "http://www.jwage.com/"
                },
                {
                    "name": "Guilherme Blanco",
                    "email": "guilhermeblanco@gmail.com"
                },
                {
                    "name": "Roman Borschel",
                    "email": "roman@code-factory.org"
                },
                {
                    "name": "Benjamin Eberlei",
                    "email": "kontakt@beberlei.de"
                },
                {
                    "name": "Johannes Schmitt",
                    "email": "schmittjoh@gmail.com",
                    "homepage": "http://jmsyst.com",
                    "role": "Developer of wrapped JMSSerializerBundle"
                }
            ],
            "description": "Common Library for Doctrine projects",
            "homepage": "http://www.doctrine-project.org",
            "keywords": [
                "collections",
                "spl",
                "eventmanager",
                "annotations",
                "persistence"
            ]
        },
        {
            "name": "phly/phly-blog",
            "version": "dev-master",
            "source": {
                "type": "git",
                "url": "https://github.com/weierophinney/PhlyBlog",
                "reference": "48937193596cee6ec8aa9fe6800be6d19b814edd"
            },
            "dist": {
                "type": "zip",
                "url": "https://github.com/weierophinney/PhlyBlog/zipball/48937193596cee6ec8aa9fe6800be6d19b814edd",
                "reference": "48937193596cee6ec8aa9fe6800be6d19b814edd",
                "shasum": ""
            },
            "require": {
                "php": ">=5.3.3",
                "phly/phly-common": "dev-master",
                "zendframework/zendframework": "2.*"
            },
            "time": "1348684380",
            "type": "library",
            "installation-source": "source",
            "autoload": {
                "psr-0": {
                    "PhlyBlog": "src/"
                },
                "classmap": [
                    "./"
                ]
            },
            "authors": [
                {
                    "name": "Matthew Weier O'Phinney",
                    "email": "matthew@weierophinney.net",
                    "homepage": "http://mwop.net/"
                }
            ],
            "description": "ZF2 Module implementing a static blog generator",
            "homepage": "https://github.com/weierophinney/PhlyBlog",
            "keywords": [
                "blog",
                "zend",
                "zf2",
                "module"
            ]
        },
        {
            "name": "phly/phly-common",
            "version": "dev-master",
            "source": {
                "type": "git",
                "url": "https://github.com/weierophinney/PhlyCommon",
                "reference": "2.0.0beta5"
            },
            "dist": {
                "type": "zip",
                "url": "https://github.com/weierophinney/PhlyCommon/zipball/2.0.0beta5",
                "reference": "2.0.0beta5",
                "shasum": ""
            },
            "require": {
                "php": ">=5.3.3",
                "zendframework/zendframework": "dev-master"
            },
            "time": "1342210205",
            "type": "library",
            "installation-source": "source",
            "autoload": {
                "psr-0": {
                    "PhlyCommon": "src/"
                },
                "classmap": [
                    "./"
                ]
            },
            "authors": [
                {
                    "name": "Matthew Weier O'Phinney",
                    "email": "matthew@weierophinney.net",
                    "homepage": "http://mwop.net/"
                }
            ],
            "description": "A set of interfaces and generic classes used across various Phly modules.",
            "homepage": "https://github.com/weierophinney/PhlyCommon",
            "keywords": [
                "zend",
                "zf2",
                "module"
            ]
        },
        {
            "name": "phly/phly-contact",
            "version": "dev-master",
            "source": {
                "type": "git",
                "url": "https://github.com/weierophinney/PhlyContact",
                "reference": "337cefe68214902e7a88f365c6c8601c6eee7e2b"
            },
            "dist": {
                "type": "zip",
                "url": "https://github.com/weierophinney/PhlyContact/zipball/337cefe68214902e7a88f365c6c8601c6eee7e2b",
                "reference": "337cefe68214902e7a88f365c6c8601c6eee7e2b",
                "shasum": ""
            },
            "require": {
                "php": ">=5.3.3",
                "zendframework/zendframework": "2.*"
            },
            "time": "1347664585",
            "type": "library",
            "installation-source": "source",
            "autoload": {
                "psr-0": {
                    "PhlyContact": "src/"
                },
                "classmap": [
                    "./"
                ]
            },
            "authors": [
                {
                    "name": "Matthew Weier O'Phinney",
                    "email": "matthew@weierophinney.net",
                    "homepage": "http://mwop.net/"
                }
            ],
            "description": "ZF2 Module implementing contact form functionality",
            "homepage": "https://github.com/weierophinney/PhlyContact",
            "keywords": [
                "zend",
                "zf2",
                "module"
            ]
        },
        {
            "name": "zendframework/zend-version",
            "version": "2.0.2",
            "target-dir": "Zend/Version",
            "dist": {
                "type": "zip",
                "url": "http://packages.zendframework.com/composer/Zend_Version-2.0.2.zip",
                "reference": null,
                "shasum": null
            },
            "require": {
                "php": ">=5.3.3"
            },
            "type": "library",
            "installation-source": "dist",
            "autoload": {
                "psr-0": {
                    "Zend\\Version": ""
                }
            },
            "license": [
                "BSD-3-Clause"
            ],
            "description": " ",
            "homepage": "http://packages.zendframework.com/",
            "keywords": [
                "zf2",
                "version"
            ]
        },
        {
            "name": "zendframework/zendframework",
            "version": "dev-master",
            "source": {
                "type": "git",
                "url": "git://github.com/zendframework/zf2.git",
                "reference": "7a69c342c2afe18e67dd5b736ab92023250baeaa"
            },
            "dist": {
                "type": "zip",
                "url": "https://github.com/zendframework/zf2/zipball/7a69c342c2afe18e67dd5b736ab92023250baeaa",
                "reference": "7a69c342c2afe18e67dd5b736ab92023250baeaa",
                "shasum": ""
            },
            "require": {
                "php": ">=5.3.3"
            },
            "replace": {
                "zendframework/zend-acl": "self.version",
                "zendframework/zend-authentication": "self.version",
                "zendframework/zend-barcode": "self.version",
                "zendframework/zend-cache": "self.version",
                "zendframework/zend-captcha": "self.version",
                "zendframework/zend-code": "self.version",
                "zendframework/zend-config": "self.version",
                "zendframework/zend-console": "self.version",
                "zendframework/zend-crypt": "self.version",
                "zendframework/zend-db": "self.version",
                "zendframework/zend-di": "self.version",
                "zendframework/zend-dom": "self.version",
                "zendframework/zend-eventmanager": "self.version",
                "zendframework/zend-feed": "self.version",
                "zendframework/zend-file": "self.version",
                "zendframework/zend-filter": "self.version",
                "zendframework/zend-form": "self.version",
                "zendframework/zend-http": "self.version",
                "zendframework/zend-inputfilter": "self.version",
                "zendframework/zend-json": "self.version",
                "zendframework/zend-ldap": "self.version",
                "zendframework/zend-loader": "self.version",
                "zendframework/zend-log": "self.version",
                "zendframework/zend-mail": "self.version",
                "zendframework/zend-markup": "self.version",
                "zendframework/zend-math": "self.version",
                "zendframework/zend-memory": "self.version",
                "zendframework/zend-mime": "self.version",
                "zendframework/zend-modulemanager": "self.version",
                "zendframework/zend-mvc": "self.version",
                "zendframework/zend-navigation": "self.version",
                "zendframework/zend-paginator": "self.version",
                "zendframework/zend-progressbar": "self.version",
                "zendframework/zend-serializer": "self.version",
                "zendframework/zend-server": "self.version",
                "zendframework/zend-servicemanager": "self.version",
                "zendframework/zend-session": "self.version",
                "zendframework/zend-soap": "self.version",
                "zendframework/zend-stdlib": "self.version",
                "zendframework/zend-tag": "self.version",
                "zendframework/zend-text": "self.version",
                "zendframework/zend-uri": "self.version",
                "zendframework/zend-validator": "self.version",
                "zendframework/zend-view": "self.version",
                "zendframework/zend-xmlrpc": "self.version",
                "zendframework/zend-escaper": "self.version",
                "zendframework/zend-i18n": "self.version"
            },
            "require-dev": {
                "doctrine/common": ">=2.1"
            },
            "suggest": {
                "doctrine/common": "Doctrine\\Common >=2.1 for annotation features",
                "ext-intl": "ext/intl for i18n features",
                "zendframework/zendservice-recaptcha": "ZendService\\ReCaptcha for rendering ReCaptchas in Zend\\Captcha and/or Zend\\Form",
                "zendframework/zendpdf": "ZendPdf for creating PDF representations of barcodes",
                "pecl-weakref": "Implementation of weak references for Zend\\Stdlib\\CallbackHandler"
            },
            "time": "1348605562",
            "type": "library",
            "extra": {
                "branch-alias": {
                    "dev-master": "2.0-dev"
                }
            },
            "installation-source": "source",
            "autoload": {
                "psr-0": {
                    "Zend\\": "library/",
                    "ZendTest\\": "tests/"
                }
            },
            "license": [
                "BSD-3-Clause"
            ],
            "description": "Zend Framework 2",
            "homepage": "http://framework.zend.com/",
            "keywords": [
                "framework",
                "zf2"
            ]
        },
        {
            "name": "zendframework/zendservice-recaptcha",
            "version": "2.0.1",
            "dist": {
                "type": "zip",
                "url": "http://packages.zendframework.com/composer/ZendService_ReCaptcha-2.0.1.zip",
                "reference": null,
                "shasum": null
            },
            "require": {
                "php": ">=5.3.3",
                "zendframework/zend-http": ">=2.0.0",
                "zendframework/zend-uri": ">=2.0.0",
                "zendframework/zend-version": ">=2.0.0"
            },
            "type": "library",
            "extra": {
                "branch-alias": {
                    "dev-master": "2.0.x-dev"
                }
            },
            "installation-source": "dist",
            "autoload": {
                "psr-0": {
                    "ZendService": "library/"
                }
            },
            "license": [
                "BSD-3-Clause"
            ],
            "description": "OOP wrapper for the ReCaptcha web service",
            "homepage": "http://packages.zendframework.com/",
            "keywords": [
                "zf2",
                "recaptcha"
            ]
        }
    ],
    "packages-dev": null,
    "aliases": [

    ],
    "minimum-stability": "dev",
    "stability-flags": {
        "zendframework/zendframework": 20,
        "phly/phly-contact": 20,
        "phly/phly-blog": 20
    }
}
